
Microsoft Visual Studio Solution File, Format Version 12.00
# Visual Studio Version 16
VisualStudioVersion = 16.0.31025.194
MinimumVisualStudioVersion = 10.0.40219.1
Project("{FAE04EC0-301F-11D3-BF4B-00C04F79EFBC}") = "FlameAndWax", "FlameAndWax.csproj", "{01A41625-C2C7-435C-A34B-8E5204E5FFEF}"
EndProject
Project("{FAE04EC0-301F-11D3-BF4B-00C04F79EFBC}") = "FlameAndWax.Data", "..\FlameAndWax.Data\FlameAndWax.Data.csproj", "{167593D4-77B5-4639-8410-76948B7E46A0}"
EndProject
Project("{FAE04EC0-301F-11D3-BF4B-00C04F79EFBC}") = "FlameAndWax.Services", "..\FlameAndWax.Services\FlameAndWax.Services.csproj", "{45FAE70A-EFBD-4A81-BC5B-CABE8E77DE2E}"
EndProject
Global
	GlobalSection(SolutionConfigurationPlatforms) = preSolution
		Debug|Any CPU = Debug|Any CPU
		Release|Any CPU = Release|Any CPU
	EndGlobalSection
	GlobalSection(ProjectConfigurationPlatforms) = postSolution
		{01A41625-C2C7-435C-A34B-8E5204E5FFEF}.Debug|Any CPU.ActiveCfg = Debug|Any CPU
		{01A41625-C2C7-435C-A34B-8E5204E5FFEF}.Debug|Any CPU.Build.0 = Debug|Any CPU
		{01A41625-C2C7-435C-A34B-8E5204E5FFEF}.Release|Any CPU.ActiveCfg = Release|Any CPU
		{01A41625-C2C7-435C-A34B-8E5204E5FFEF}.Release|Any CPU.Build.0 = Release|Any CPU
		{167593D4-77B5-4639-8410-76948B7E46A0}.Debug|Any CPU.ActiveCfg = Debug|Any CPU
		{167593D4-77B5-4639-8410-76948B7E46A0}.Debug|Any CPU.Build.0 = Debug|Any CPU
		{167593D4-77B5-4639-8410-76948B7E46A0}.Release|Any CPU.ActiveCfg = Release|Any CPU
		{167593D4-77B5-4639-8410-76948B7E46A0}.Release|Any CPU.Build.0 = Release|Any CPU
		{45FAE70A-EFBD-4A81-BC5B-CABE8E77DE2E}.Debug|Any CPU.ActiveCfg = Debug|Any CPU
		{45FAE70A-EFBD-4A81-BC5B-CABE8E77DE2E}.Debug|Any CPU.Build.0 = Debug|Any CPU
		{45FAE70A-EFBD-4A81-BC5B-CABE8E77DE2E}.Release|Any CPU.ActiveCfg = Release|Any CPU
		{45FAE70A-EFBD-4A81-BC5B-CABE8E77DE2E}.Release|Any CPU.Build.0 = Release|Any CPU
	EndGlobalSection
	GlobalSection(SolutionProperties) = preSolution
		HideSolutionNode = FALSE
	EndGlobalSection
	GlobalSection(ExtensibilityGlobals) = postSolution
		SolutionGuid = {C099A37C-6B2F-4442-B3FC-42359625AA50}
	EndGlobalSection
EndGlobal
